// !$*UTF8*$!
{
	archiveVersion = 1;
	classes = {
	};
	objectVersion = 46;
	objects = {

/* Begin PBXBuildFile section */
		A982ADC81940104000A1ADF8 /* AppDelegate.swift in Sources */ = {isa = PBXBuildFile; fileRef = A982ADC71940104000A1ADF8 /* AppDelegate.swift */; };
		A982ADCA1940104000A1ADF8 /* ViewController.swift in Sources */ = {isa = PBXBuildFile; fileRef = A982ADC91940104000A1ADF8 /* ViewController.swift */; };
		A982ADCD1940104000A1ADF8 /* Main.storyboard in Resources */ = {isa = PBXBuildFile; fileRef = A982ADCB1940104000A1ADF8 /* Main.storyboard */; };
		A982ADCF1940104000A1ADF8 /* Images.xcassets in Resources */ = {isa = PBXBuildFile; fileRef = A982ADCE1940104000A1ADF8 /* Images.xcassets */; };
		A982ADDB1940104000A1ADF8 /* playDicesTests.swift in Sources */ = {isa = PBXBuildFile; fileRef = A982ADDA1940104000A1ADF8 /* playDicesTests.swift */; };
		A982ADEF1940156600A1ADF8 /* 背景.png in Resources */ = {isa = PBXBuildFile; fileRef = A982ADE81940156600A1ADF8 /* 背景.png */; };
		A982ADF01940156600A1ADF8 /* 骰子1.png in Resources */ = {isa = PBXBuildFile; fileRef = A982ADE91940156600A1ADF8 /* 骰子1.png */; };
		A982ADF11940156600A1ADF8 /* 骰子2.png in Resources */ = {isa = PBXBuildFile; fileRef = A982ADEA1940156600A1ADF8 /* 骰子2.png */; };
		A982ADF21940156600A1ADF8 /* 骰子3.png in Resources */ = {isa = PBXBuildFile; fileRef = A982ADEB1940156600A1ADF8 /* 骰子3.png */; };
		A982ADF31940156600A1ADF8 /* 骰子4.png in Resources */ = {isa = PBXBuildFile; fileRef = A982ADEC1940156600A1ADF8 /* 骰子4.png */; };
		A982ADF41940156600A1ADF8 /* 骰子5.png in Resources */ = {isa = PBXBuildFile; fileRef = A982ADED1940156600A1ADF8 /* 骰子5.png */; };
		A982ADF51940156600A1ADF8 /* 骰子6.png in Resources */ = {isa = PBXBuildFile; fileRef = A982ADEE1940156600A1ADF8 /* 骰子6.png */; };
/* End PBXBuildFile section */

/* Begin PBXContainerItemProxy section */
		A982ADD51940104000A1ADF8 /* PBXContainerItemProxy */ = {
			isa = PBXContainerItemProxy;
			containerPortal = A982ADBA1940104000A1ADF8 /* Project object */;
			proxyType = 1;
			remoteGlobalIDString = A982ADC11940104000A1ADF8;
			remoteInfo = playDices;
		};
/* End PBXContainerItemProxy section */

/* Begin PBXFileReference section */
		A982ADC21940104000A1ADF8 /* playDices.app */ = {isa = PBXFileReference; explicitFileType = wrapper.application; includeInIndex = 0; path = playDices.app; sourceTree = BUILT_PRODUCTS_DIR; };
		A982ADC61940104000A1ADF8 /* Info.plist */ = {isa = PBXFileReference; lastKnownFileType = text.plist.xml; path = Info.plist; sourceTree = "<group>"; };
		A982ADC71940104000A1ADF8 /* AppDelegate.swift */ = {isa = PBXFileReference; lastKnownFileType = sourcecode.swift; path = AppDelegate.swift; sourceTree = "<group>"; };
		A982ADC91940104000A1ADF8 /* ViewController.swift */ = {isa = PBXFileReference; lastKnownFileType = sourcecode.swift; path = ViewController.swift; sourceTree = "<group>"; };
		A982ADCC1940104000A1ADF8 /* Base */ = {isa = PBXFileReference; lastKnownFileType = file.storyboard; name = Base; path = Base.lproj/Main.storyboard; sourceTree = "<group>"; };
		A982ADCE1940104000A1ADF8 /* Images.xcassets */ = {isa = PBXFileReference; lastKnownFileType = folder.assetcatalog; path = Images.xcassets; sourceTree = "<group>"; };
		A982ADD41940104000A1ADF8 /* playDicesTests.xctest */ = {isa = PBXFileReference; explicitFileType = wrapper.cfbundle; includeInIndex = 0; path = playDicesTests.xctest; sourceTree = BUILT_PRODUCTS_DIR; };
		A982ADD91940104000A1ADF8 /* Info.plist */ = {isa = PBXFileReference; lastKnownFileType = text.plist.xml; path = Info.plist; sourceTree = "<group>"; };
		A982ADDA1940104000A1ADF8 /* playDicesTests.swift */ = {isa = PBXFileReference; lastKnownFileType = sourcecode.swift; path = playDicesTests.swift; sourceTree = "<group>"; };
		A982ADE81940156600A1ADF8 /* 背景.png */ = {isa = PBXFileReference; lastKnownFileType = image.png; path = "背景.png"; sourceTree = "<group>"; };
		A982ADE91940156600A1ADF8 /* 骰子1.png */ = {isa = PBXFileReference; lastKnownFileType = image.png; path = "骰子1.png"; sourceTree = "<group>"; };
		A982ADEA1940156600A1ADF8 /* 骰子2.png */ = {isa = PBXFileReference; lastKnownFileType = image.png; path = "骰子2.png"; sourceTree = "<group>"; };
		A982ADEB1940156600A1ADF8 /* 骰子3.png */ = {isa = PBXFileReference; lastKnownFileType = image.png; path = "骰子3.png"; sourceTree = "<group>"; };
		A982ADEC1940156600A1ADF8 /* 骰子4.png */ = {isa = PBXFileReference; lastKnownFileType = image.png; path = "骰子4.png"; sourceTree = "<group>"; };
		A982ADED1940156600A1ADF8 /* 骰子5.png */ = {isa = PBXFileReference; lastKnownFileType = image.png; path = "骰子5.png"; sourceTree = "<group>"; };
		A982ADEE1940156600A1ADF8 /* 骰子6.png */ = {isa = PBXFileReference; lastKnownFileType = image.png; path = "骰子6.png"; sourceTree = "<group>"; };
/* End PBXFileReference section */

/* Begin PBXFrameworksBuildPhase section */
		A982ADBF1940104000A1ADF8 /* Frameworks */ = {
			isa = PBXFrameworksBuildPhase;
			buildActionMask = 2147483647;
			files = (
			);
			runOnlyForDeploymentPostprocessing = 0;
		};
		A982ADD11940104000A1ADF8 /* Frameworks */ = {
			isa = PBXFrameworksBuildPhase;
			buildActionMask = 2147483647;
			files = (
			);
			runOnlyForDeploymentPostprocessing = 0;
		};
/* End PBXFrameworksBuildPhase section */

/* Begin PBXGroup section */
		A982ADB91940104000A1ADF8 = {
			isa = PBXGroup;
			children = (
				A982ADC41940104000A1ADF8 /* playDices */,
				A982ADD71940104000A1ADF8 /* playDicesTests */,
				A982ADC31940104000A1ADF8 /* Products */,
			);
			sourceTree = "<group>";
		};
		A982ADC31940104000A1ADF8 /* Products */ = {
			isa = PBXGroup;
			children = (
				A982ADC21940104000A1ADF8 /* playDices.app */,
				A982ADD41940104000A1ADF8 /* playDicesTests.xctest */,
			);
			name = Products;
			sourceTree = "<group>";
		};
		A982ADC41940104000A1ADF8 /* playDices */ = {
			isa = PBXGroup;
			children = (
				A982ADC71940104000A1ADF8 /* AppDelegate.swift */,
				A982ADC91940104000A1ADF8 /* ViewController.swift */,
				A982ADCB1940104000A1ADF8 /* Main.storyboard */,
				A982ADE81940156600A1ADF8 /* 背景.png */,
				A982ADE91940156600A1ADF8 /* 骰子1.png */,
				A982ADEA1940156600A1ADF8 /* 骰子2.png */,
				A982ADEB1940156600A1ADF8 /* 骰子3.png */,
				A982ADEC1940156600A1ADF8 /* 骰子4.png */,
				A982ADED1940156600A1ADF8 /* 骰子5.png */,
				A982ADEE1940156600A1ADF8 /* 骰子6.png */,
				A982ADCE1940104000A1ADF8 /* Images.xcassets */,
				A982ADC51940104000A1ADF8 /* Supporting Files */,
			);
			path = playDices;
			sourceTree = "<group>";
		};
		A982ADC51940104000A1ADF8 /* Supporting Files */ = {
			isa = PBXGroup;
			children = (
				A982ADC61940104000A1ADF8 /* Info.plist */,
			);
			name = "Supporting Files";
			sourceTree = "<group>";
		};
		A982ADD71940104000A1ADF8 /* playDicesTests */ = {
			isa = PBXGroup;
			children = (
				A982ADDA1940104000A1ADF8 /* playDicesTests.swift */,
				A982ADD81940104000A1ADF8 /* Supporting Files */,
			);
			path = playDicesTests;
			sourceTree = "<group>";
		};
		A982ADD81940104000A1ADF8 /* Supporting Files */ = {
			isa = PBXGroup;
			children = (
				A982ADD91940104000A1ADF8 /* Info.plist */,
			);
			name = "Supporting Files";
			sourceTree = "<group>";
		};
/* End PBXGroup section */

/* Begin PBXNativeTarget section */
		A982ADC11940104000A1ADF8 /* playDices */ = {
			isa = PBXNativeTarget;
			buildConfigurationList = A982ADDE1940104000A1ADF8 /* Build configuration list for PBXNativeTarget "playDices" */;
			buildPhases = (
				A982ADBE1940104000A1ADF8 /* Sources */,
				A982ADBF1940104000A1ADF8 /* Frameworks */,
				A982ADC01940104000A1ADF8 /* Resources */,
			);
			buildRules = (
			);
			dependencies = (
			);
			name = playDices;
			productName = playDices;
			productReference = A982ADC21940104000A1ADF8 /* playDices.app */;
			productType = "com.apple.product-type.application";
		};
		A982ADD31940104000A1ADF8 /* playDicesTests */ = {
			isa = PBXNativeTarget;
			buildConfigurationList = A982ADE11940104000A1ADF8 /* Build configuration list for PBXNativeTarget "playDicesTests" */;
			buildPhases = (
				A982ADD01940104000A1ADF8 /* Sources */,
				A982ADD11940104000A1ADF8 /* Frameworks */,
				A982ADD21940104000A1ADF8 /* Resources */,
			);
			buildRules = (
			);
			dependencies = (
				A982ADD61940104000A1ADF8 /* PBXTargetDependency */,
			);
			name = playDicesTests;
			productName = playDicesTests;
			productReference = A982ADD41940104000A1ADF8 /* playDicesTests.xctest */;
			productType = "com.apple.product-type.bundle.unit-test";
		};
/* End PBXNativeTarget section */

/* Begin PBXProject section */
		A982ADBA1940104000A1ADF8 /* Project object */ = {
			isa = PBXProject;
			attributes = {
				LastUpgradeCheck = 0600;
				ORGANIZATIONNAME = jamszhy;
				TargetAttributes = {
					A982ADC11940104000A1ADF8 = {
						CreatedOnToolsVersion = 6.0;
					};
					A982ADD31940104000A1ADF8 = {
						CreatedOnToolsVersion = 6.0;
						TestTargetID = A982ADC11940104000A1ADF8;
					};
				};
			};
			buildConfigurationList = A982ADBD1940104000A1ADF8 /* Build configuration list for PBXProject "playDices" */;
			compatibilityVersion = "Xcode 3.2";
			developmentRegion = English;
			hasScannedForEncodings = 0;
			knownRegions = (
				en,
				Base,
			);
			mainGroup = A982ADB91940104000A1ADF8;
			productRefGroup = A982ADC31940104000A1ADF8 /* Products */;
			projectDirPath = "";
			projectRoot = "";
			targets = (
				A982ADC11940104000A1ADF8 /* playDices */,
				A982ADD31940104000A1ADF8 /* playDicesTests */,
			);
		};
/* End PBXProject section */

/* Begin PBXResourcesBuildPhase section */
		A982ADC01940104000A1ADF8 /* Resources */ = {
			isa = PBXResourcesBuildPhase;
			buildActionMask = 2147483647;
			files = (
				A982ADCD1940104000A1ADF8 /* Main.storyboard in Resources */,
				A982ADEF1940156600A1ADF8 /* 背景.png in Resources */,
				A982ADF11940156600A1ADF8 /* 骰子2.png in Resources */,
				A982ADF31940156600A1ADF8 /* 骰子4.png in Resources */,
				A982ADF21940156600A1ADF8 /* 骰子3.png in Resources */,
				A982ADCF1940104000A1ADF8 /* Images.xcassets in Resources */,
				A982ADF51940156600A1ADF8 /* 骰子6.png in Resources */,
				A982ADF01940156600A1ADF8 /* 骰子1.png in Resources */,
				A982ADF41940156600A1ADF8 /* 骰子5.png in Resources */,
			);
			runOnlyForDeploymentPostprocessing = 0;
		};
		A982ADD21940104000A1ADF8 /* Resources */ = {
			isa = PBXResourcesBuildPhase;
			buildActionMask = 2147483647;
			files = (
			);
			runOnlyForDeploymentPostprocessing = 0;
		};
/* End PBXResourcesBuildPhase section */

/* Begin PBXSourcesBuildPhase section */
		A982ADBE1940104000A1ADF8 /* Sources */ = {
			isa = PBXSourcesBuildPhase;
			buildActionMask = 2147483647;
			files = (
				A982ADCA1940104000A1ADF8 /* ViewController.swift in Sources */,
				A982ADC81940104000A1ADF8 /* AppDelegate.swift in Sources */,
			);
			runOnlyForDeploymentPostprocessing = 0;
		};
		A982ADD01940104000A1ADF8 /* Sources */ = {
			isa = PBXSourcesBuildPhase;
			buildActionMask = 2147483647;
			files = (
				A982ADDB1940104000A1ADF8 /* playDicesTests.swift in Sources */,
			);
			runOnlyForDeploymentPostprocessing = 0;
		};
/* End PBXSourcesBuildPhase section */

/* Begin PBXTargetDependency section */
		A982ADD61940104000A1ADF8 /* PBXTargetDependency */ = {
			isa = PBXTargetDependency;
			target = A982ADC11940104000A1ADF8 /* playDices */;
			targetProxy = A982ADD51940104000A1ADF8 /* PBXContainerItemProxy */;
		};
/* End PBXTargetDependency section */

/* Begin PBXVariantGroup section */
		A982ADCB1940104000A1ADF8 /* Main.storyboard */ = {
			isa = PBXVariantGroup;
			children = (
				A982ADCC1940104000A1ADF8 /* Base */,
			);
			name = Main.storyboard;
			sourceTree = "<group>";
		};
/* End PBXVariantGroup section */

/* Begin XCBuildConfiguration section */
		A982ADDC1940104000A1ADF8 /* Debug */ = {
			isa = XCBuildConfiguration;
			buildSettings = {
				ALWAYS_SEARCH_USER_PATHS = NO;
				CLANG_CXX_LANGUAGE_STANDARD = "gnu++0x";
				CLANG_CXX_LIBRARY = "libc++";
				CLANG_ENABLE_MODULES = YES;
				CLANG_ENABLE_OBJC_ARC = YES;
				CLANG_WARN_BOOL_CONVERSION = YES;
				CLANG_WARN_CONSTANT_CONVERSION = YES;
				CLANG_WARN_DIRECT_OBJC_ISA_USAGE = YES_ERROR;
				CLANG_WARN_EMPTY_BODY = YES;
				CLANG_WARN_ENUM_CONVERSION = YES;
				CLANG_WARN_INT_CONVERSION = YES;
				CLANG_WARN_OBJC_ROOT_CLASS = YES_ERROR;
				CLANG_WARN_UNREACHABLE_CODE = YES;
				CLANG_WARN__DUPLICATE_METHOD_MATCH = YES;
				"CODE_SIGN_IDENTITY[sdk=iphoneos*]" = "iPhone Developer";
				COPY_PHASE_STRIP = NO;
				ENABLE_STRICT_OBJC_MSGSEND = YES;
				GCC_C_LANGUAGE_STANDARD = gnu99;
				GCC_DYNAMIC_NO_PIC = NO;
				GCC_OPTIMIZATION_LEVEL = 0;
				GCC_PREPROCESSOR_DEFINITIONS = (
					"DEBUG=1",
					"$(inherited)",
				);
				GCC_SYMBOLS_PRIVATE_EXTERN = NO;
				GCC_WARN_64_TO_32_BIT_CONVERSION = YES;
				GCC_WARN_ABOUT_RETURN_TYPE = YES_ERROR;
				GCC_WARN_UNDECLARED_SELECTOR = YES;
				GCC_WARN_UNINITIALIZED_AUTOS = YES_AGGRESSIVE;
				GCC_WARN_UNUSED_FUNCTION = YES;
				GCC_WARN_UNUSED_VARIABLE = YES;
				IPHONEOS_DEPLOYMENT_TARGET = 8.0;
				METAL_ENABLE_DEBUG_INFO = YES;
				ONLY_ACTIVE_ARCH = YES;
				SDKROOT = iphoneos;
				SWIFT_OPTIMIZATION_LEVEL = "-Onone";
			};
			name = Debug;
		};
		A982ADDD1940104000A1ADF8 /* Release */ = {
			isa = XCBuildConfiguration;
			buildSettings = {
				ALWAYS_SEARCH_USER_PATHS = NO;
				CLANG_CXX_LANGUAGE_STANDARD = "gnu++0x";
				CLANG_CXX_LIBRARY = "libc++";
				CLANG_ENABLE_MODULES = YES;
				CLANG_ENABLE_OBJC_ARC = YES;
				CLANG_WARN_BOOL_CONVERSION = YES;
				CLANG_WARN_CONSTANT_CONVERSION = YES;
				CLANG_WARN_DIRECT_OBJC_ISA_USAGE = YES_ERROR;
				CLANG_WARN_EMPTY_BODY = YES;
				CLANG_WARN_ENUM_CONVERSION = YES;
				CLANG_WARN_INT_CONVERSION = YES;
				CLANG_WARN_OBJC_ROOT_CLASS = YES_ERROR;
				CLANG_WARN_UNREACHABLE_CODE = YES;
				CLANG_WARN__DUPLICATE_METHOD_MATCH = YES;
				"CODE_SIGN_IDENTITY[sdk=iphoneos*]" = "iPhone Developer";
				COPY_PHASE_STRIP = YES;
				ENABLE_NS_ASSERTIONS = NO;
				ENABLE_STRICT_OBJC_MSGSEND = YES;
				GCC_C_LANGUAGE_STANDARD = gnu99;
				GCC_WARN_64_TO_32_BIT_CONVERSION = YES;
				GCC_WARN_ABOUT_RETURN_TYPE = YES_ERROR;
				GCC_WARN_UNDECLARED_SELECTOR = YES;
				GCC_WARN_UNINITIALIZED_AUTOS = YES_AGGRESSIVE;
				GCC_WARN_UNUSED_FUNCTION = YES;
				GCC_WARN_UNUSED_VARIABLE = YES;
				IPHONEOS_DEPLOYMENT_TARGET = 8.0;
				METAL_ENABLE_DEBUG_INFO = NO;
				SDKROOT = iphoneos;
				VALIDATE_PRODUCT = YES;
			};
			name = Release;
		};
		A982ADDF1940104000A1ADF8 /* Debug */ = {
			isa = XCBuildConfiguration;
			buildSettings = {
				ASSETCATALOG_COMPILER_APPICON_NAME = AppIcon;
				ASSETCATALOG_COMPILER_LAUNCHIMAGE_NAME = LaunchImage;
				INFOPLIST_FILE = playDices/Info.plist;
				LD_RUNPATH_SEARCH_PATHS = "$(inherited) @executable_path/Frameworks";
				PRODUCT_NAME = "$(TARGET_NAME)";
			};
			name = Debug;
		};
		A982ADE01940104000A1ADF8 /* Release */ = {
			isa = XCBuildConfiguration;
			buildSettings = {
				ASSETCATALOG_COMPILER_APPICON_NAME = AppIcon;
				ASSETCATALOG_COMPILER_LAUNCHIMAGE_NAME = LaunchImage;
				INFOPLIST_FILE = playDices/Info.plist;
				LD_RUNPATH_SEARCH_PATHS = "$(inherited) @executable_path/Frameworks";
				PRODUCT_NAME = "$(TARGET_NAME)";
			};
			name = Release;
		};
		A982ADE21940104000A1ADF8 /* Debug */ = {
			isa = XCBuildConfiguration;
			buildSettings = {
				BUNDLE_LOADER = "$(BUILT_PRODUCTS_DIR)/playDices.app/playDices";
				FRAMEWORK_SEARCH_PATHS = (
					"$(SDKROOT)/Developer/Library/Frameworks",
					"$(inherited)",
				);
				GCC_PREPROCESSOR_DEFINITIONS = (
					"DEBUG=1",
					"$(inherited)",
				);
				INFOPLIST_FILE = playDicesTests/Info.plist;
				LD_RUNPATH_SEARCH_PATHS = "$(inherited) @executable_path/Frameworks @loader_path/Frameworks";
				METAL_ENABLE_DEBUG_INFO = YES;
				PRODUCT_NAME = "$(TARGET_NAME)";
				TEST_HOST = "$(BUNDLE_LOADER)";
			};
			name = Debug;
		};
		A982ADE31940104000A1ADF8 /* Release */ = {
			isa = XCBuildConfiguration;
			buildSettings = {
				BUNDLE_LOADER = "$(BUILT_PRODUCTS_DIR)/playDices.app/playDices";
				FRAMEWORK_SEARCH_PATHS = (
					"$(SDKROOT)/Developer/Library/Frameworks",
					"$(inherited)",
				);
				INFOPLIST_FILE = playDicesTests/Info.plist;
				LD_RUNPATH_SEARCH_PATHS = "$(inherited) @executable_path/Frameworks @loader_path/Frameworks";
				METAL_ENABLE_DEBUG_INFO = NO;
				PRODUCT_NAME = "$(TARGET_NAME)";
				TEST_HOST = "$(BUNDLE_LOADER)";
			};
			name = Release;
		};
/* End XCBuildConfiguration section */

/* Begin XCConfigurationList section */
		A982ADBD1940104000A1ADF8 /* Build configuration list for PBXProject "playDices" */ = {
			isa = XCConfigurationList;
			buildConfigurations = (
				A982ADDC1940104000A1ADF8 /* Debug */,
				A982ADDD1940104000A1ADF8 /* Release */,
			);
			defaultConfigurationIsVisible = 0;
			defaultConfigurationName = Release;
		};
		A982ADDE1940104000A1ADF8 /* Build configuration list for PBXNativeTarget "playDices" */ = {
			isa = XCConfigurationList;
			buildConfigurations = (
				A982ADDF1940104000A1ADF8 /* Debug */,
				A982ADE01940104000A1ADF8 /* Release */,
			);
			defaultConfigurationIsVisible = 0;
		};
		A982ADE11940104000A1ADF8 /* Build configuration list for PBXNativeTarget "playDicesTests" */ = {
			isa = XCConfigurationList;
			buildConfigurations = (
				A982ADE21940104000A1ADF8 /* Debug */,
				A982ADE31940104000A1ADF8 /* Release */,
			);
			defaultConfigurationIsVisible = 0;
		};
/* End XCConfigurationList section */
	};
	rootObject = A982ADBA1940104000A1ADF8 /* Project object */;
}
